// !$*UTF8*$!
{
	archiveVersion = 1;
	classes = {
	};
	objectVersion = 51;
	objects = {

/* Begin PBXBuildFile section */
		3EDA1DCC24BCDBB800EA73A7 /* AppDelegate.swift in Sources */ = {isa = PBXBuildFile; fileRef = 3EDA1DCB24BCDBB800EA73A7 /* AppDelegate.swift */; };
		3EDA1DCE24BCDBB800EA73A7 /* SceneDelegate.swift in Sources */ = {isa = PBXBuildFile; fileRef = 3EDA1DCD24BCDBB800EA73A7 /* SceneDelegate.swift */; };
		3EDA1DD024BCDBB800EA73A7 /* ViewController.swift in Sources */ = {isa = PBXBuildFile; fileRef = 3EDA1DCF24BCDBB800EA73A7 /* ViewController.swift */; };
		3EDA1DD324BCDBB800EA73A7 /* Main.storyboard in Resources */ = {isa = PBXBuildFile; fileRef = 3EDA1DD124BCDBB800EA73A7 /* Main.storyboard */; };
		3EDA1DD524BCDBBA00EA73A7 /* Assets.xcassets in Resources */ = {isa = PBXBuildFile; fileRef = 3EDA1DD424BCDBBA00EA73A7 /* Assets.xcassets */; };
		3EDA1DD824BCDBBA00EA73A7 /* LaunchScreen.storyboard in Resources */ = {isa = PBXBuildFile; fileRef = 3EDA1DD624BCDBBA00EA73A7 /* LaunchScreen.storyboard */; };
		3EDA1DE024BCDC2100EA73A7 /* Extensions.swift in Sources */ = {isa = PBXBuildFile; fileRef = 3EDA1DDF24BCDC2100EA73A7 /* Extensions.swift */; };
		3EDA1DE924BCDD2E00EA73A7 /* ConversationsController.swift in Sources */ = {isa = PBXBuildFile; fileRef = 3EDA1DE824BCDD2E00EA73A7 /* ConversationsController.swift */; };
		3EDA1DEB24BCE5EC00EA73A7 /* LoginController.swift in Sources */ = {isa = PBXBuildFile; fileRef = 3EDA1DEA24BCE5EC00EA73A7 /* LoginController.swift */; };
		3EDA1DED24BCE5F500EA73A7 /* RegistrationController.swift in Sources */ = {isa = PBXBuildFile; fileRef = 3EDA1DEC24BCE5F500EA73A7 /* RegistrationController.swift */; };
		3EDA1DEF24BCEFE900EA73A7 /* CredentialsTextFieldView.swift in Sources */ = {isa = PBXBuildFile; fileRef = 3EDA1DEE24BCEFE900EA73A7 /* CredentialsTextFieldView.swift */; };
		3EDA1DF124BCF1C500EA73A7 /* CustomTextField.swift in Sources */ = {isa = PBXBuildFile; fileRef = 3EDA1DF024BCF1C500EA73A7 /* CustomTextField.swift */; };
		3EDA1DF324BCFD3200EA73A7 /* CustomAuthButton.swift in Sources */ = {isa = PBXBuildFile; fileRef = 3EDA1DF224BCFD3200EA73A7 /* CustomAuthButton.swift */; };
		3EDA1DF824BD009900EA73A7 /* AuthViewModel.swift in Sources */ = {isa = PBXBuildFile; fileRef = 3EDA1DF724BD009900EA73A7 /* AuthViewModel.swift */; };
		3EDA1DFA24BD0C2900EA73A7 /* GoogleService-Info.plist in Resources */ = {isa = PBXBuildFile; fileRef = 3EDA1DF924BD0C2800EA73A7 /* GoogleService-Info.plist */; };
		3EDA1DFE24BD967400EA73A7 /* Service.swift in Sources */ = {isa = PBXBuildFile; fileRef = 3EDA1DFD24BD967400EA73A7 /* Service.swift */; };
		3EDA1E0024BE27BE00EA73A7 /* NewChatController.swift in Sources */ = {isa = PBXBuildFile; fileRef = 3EDA1DFF24BE27BE00EA73A7 /* NewChatController.swift */; };
		3EDA1E0224BE314100EA73A7 /* UserCell.swift in Sources */ = {isa = PBXBuildFile; fileRef = 3EDA1E0124BE314100EA73A7 /* UserCell.swift */; };
		6B93CB5B97891085CE71212A /* Pods_FirebaseChat.framework in Frameworks */ = {isa = PBXBuildFile; fileRef = 868357618BB4FEEA28CD0ABC /* Pods_FirebaseChat.framework */; };
/* End PBXBuildFile section */

/* Begin PBXFileReference section */
		3EDA1DC824BCDBB800EA73A7 /* FirebaseChat.app */ = {isa = PBXFileReference; explicitFileType = wrapper.application; includeInIndex = 0; path = FirebaseChat.app; sourceTree = BUILT_PRODUCTS_DIR; };
		3EDA1DCB24BCDBB800EA73A7 /* AppDelegate.swift */ = {isa = PBXFileReference; lastKnownFileType = sourcecode.swift; name = AppDelegate.swift; path = ../AppDelegate.swift; sourceTree = "<group>"; };
		3EDA1DCD24BCDBB800EA73A7 /* SceneDelegate.swift */ = {isa = PBXFileReference; lastKnownFileType = sourcecode.swift; name = SceneDelegate.swift; path = ../SceneDelegate.swift; sourceTree = "<group>"; };
		3EDA1DCF24BCDBB800EA73A7 /* ViewController.swift */ = {isa = PBXFileReference; lastKnownFileType = sourcecode.swift; path = ViewController.swift; sourceTree = "<group>"; };
		3EDA1DD224BCDBB800EA73A7 /* Base */ = {isa = PBXFileReference; lastKnownFileType = file.storyboard; name = Base; path = Base.lproj/Main.storyboard; sourceTree = "<group>"; };
		3EDA1DD424BCDBBA00EA73A7 /* Assets.xcassets */ = {isa = PBXFileReference; lastKnownFileType = folder.assetcatalog; path = Assets.xcassets; sourceTree = "<group>"; };
		3EDA1DD724BCDBBA00EA73A7 /* Base */ = {isa = PBXFileReference; lastKnownFileType = file.storyboard; name = Base; path = Base.lproj/LaunchScreen.storyboard; sourceTree = "<group>"; };
		3EDA1DD924BCDBBA00EA73A7 /* Info.plist */ = {isa = PBXFileReference; lastKnownFileType = text.plist.xml; path = Info.plist; sourceTree = "<group>"; };
		3EDA1DDF24BCDC2100EA73A7 /* Extensions.swift */ = {isa = PBXFileReference; lastKnownFileType = sourcecode.swift; name = Extensions.swift; path = FirebaseChat/Extensions.swift; sourceTree = SOURCE_ROOT; };
		3EDA1DE824BCDD2E00EA73A7 /* ConversationsController.swift */ = {isa = PBXFileReference; lastKnownFileType = sourcecode.swift; path = ConversationsController.swift; sourceTree = "<group>"; };
		3EDA1DEA24BCE5EC00EA73A7 /* LoginController.swift */ = {isa = PBXFileReference; lastKnownFileType = sourcecode.swift; path = LoginController.swift; sourceTree = "<group>"; };
		3EDA1DEC24BCE5F500EA73A7 /* RegistrationController.swift */ = {isa = PBXFileReference; lastKnownFileType = sourcecode.swift; path = RegistrationController.swift; sourceTree = "<group>"; };
		3EDA1DEE24BCEFE900EA73A7 /* CredentialsTextFieldView.swift */ = {isa = PBXFileReference; lastKnownFileType = sourcecode.swift; path = CredentialsTextFieldView.swift; sourceTree = "<group>"; };
		3EDA1DF024BCF1C500EA73A7 /* CustomTextField.swift */ = {isa = PBXFileReference; lastKnownFileType = sourcecode.swift; path = CustomTextField.swift; sourceTree = "<group>"; };
		3EDA1DF224BCFD3200EA73A7 /* CustomAuthButton.swift */ = {isa = PBXFileReference; lastKnownFileType = sourcecode.swift; path = CustomAuthButton.swift; sourceTree = "<group>"; };
		3EDA1DF724BD009900EA73A7 /* AuthViewModel.swift */ = {isa = PBXFileReference; lastKnownFileType = sourcecode.swift; path = AuthViewModel.swift; sourceTree = "<group>"; };
		3EDA1DF924BD0C2800EA73A7 /* GoogleService-Info.plist */ = {isa = PBXFileReference; fileEncoding = 4; lastKnownFileType = text.plist.xml; path = "GoogleService-Info.plist"; sourceTree = "<group>"; };
		3EDA1DFD24BD967400EA73A7 /* Service.swift */ = {isa = PBXFileReference; lastKnownFileType = sourcecode.swift; path = Service.swift; sourceTree = "<group>"; };
		3EDA1DFF24BE27BE00EA73A7 /* NewChatController.swift */ = {isa = PBXFileReference; lastKnownFileType = sourcecode.swift; path = NewChatController.swift; sourceTree = "<group>"; };
		3EDA1E0124BE314100EA73A7 /* UserCell.swift */ = {isa = PBXFileReference; lastKnownFileType = sourcecode.swift; path = UserCell.swift; sourceTree = "<group>"; };
		4D864E93F7ABD543928C5DED /* Pods-FirebaseChat.release.xcconfig */ = {isa = PBXFileReference; includeInIndex = 1; lastKnownFileType = text.xcconfig; name = "Pods-FirebaseChat.release.xcconfig"; path = "Target Support Files/Pods-FirebaseChat/Pods-FirebaseChat.release.xcconfig"; sourceTree = "<group>"; };
		868357618BB4FEEA28CD0ABC /* Pods_FirebaseChat.framework */ = {isa = PBXFileReference; explicitFileType = wrapper.framework; includeInIndex = 0; path = Pods_FirebaseChat.framework; sourceTree = BUILT_PRODUCTS_DIR; };
		E1C23D66E39C83F944647B77 /* Pods-FirebaseChat.debug.xcconfig */ = {isa = PBXFileReference; includeInIndex = 1; lastKnownFileType = text.xcconfig; name = "Pods-FirebaseChat.debug.xcconfig"; path = "Target Support Files/Pods-FirebaseChat/Pods-FirebaseChat.debug.xcconfig"; sourceTree = "<group>"; };
/* End PBXFileReference section */

/* Begin PBXFrameworksBuildPhase section */
		3EDA1DC524BCDBB800EA73A7 /* Frameworks */ = {
			isa = PBXFrameworksBuildPhase;
			buildActionMask = 2147483647;
			files = (
				6B93CB5B97891085CE71212A /* Pods_FirebaseChat.framework in Frameworks */,
			);
			runOnlyForDeploymentPostprocessing = 0;
		};
/* End PBXFrameworksBuildPhase section */

/* Begin PBXGroup section */
		3EDA1DBF24BCDBB800EA73A7 = {
			isa = PBXGroup;
			children = (
				3EDA1DCA24BCDBB800EA73A7 /* FirebaseChat */,
				3EDA1DC924BCDBB800EA73A7 /* Products */,
				6BF457CE38AC3DA7EABA4882 /* Pods */,
				656DDBE7373EC29B15D323E4 /* Frameworks */,
			);
			sourceTree = "<group>";
		};
		3EDA1DC924BCDBB800EA73A7 /* Products */ = {
			isa = PBXGroup;
			children = (
				3EDA1DC824BCDBB800EA73A7 /* FirebaseChat.app */,
			);
			name = Products;
			sourceTree = "<group>";
		};
		3EDA1DCA24BCDBB800EA73A7 /* FirebaseChat */ = {
			isa = PBXGroup;
			children = (
				3EDA1DE724BCDC4400EA73A7 /* Delegate */,
				3EDA1DE124BCDC2600EA73A7 /* Model */,
				3EDA1DE224BCDC2B00EA73A7 /* View */,
				3EDA1DE324BCDC2D00EA73A7 /* ViewModel */,
				3EDA1DE424BCDC3000EA73A7 /* Controller */,
				3EDA1DE524BCDC3600EA73A7 /* API */,
				3EDA1DE624BCDC3A00EA73A7 /* Extensions */,
				3EDA1DCF24BCDBB800EA73A7 /* ViewController.swift */,
				3EDA1DD124BCDBB800EA73A7 /* Main.storyboard */,
				3EDA1DD424BCDBBA00EA73A7 /* Assets.xcassets */,
				3EDA1DD624BCDBBA00EA73A7 /* LaunchScreen.storyboard */,
				3EDA1DD924BCDBBA00EA73A7 /* Info.plist */,
				3EDA1DF924BD0C2800EA73A7 /* GoogleService-Info.plist */,
			);
			path = FirebaseChat;
			sourceTree = "<group>";
		};
		3EDA1DE124BCDC2600EA73A7 /* Model */ = {
			isa = PBXGroup;
			children = (
			);
			path = Model;
			sourceTree = "<group>";
		};
		3EDA1DE224BCDC2B00EA73A7 /* View */ = {
			isa = PBXGroup;
			children = (
				3EDA1E0124BE314100EA73A7 /* UserCell.swift */,
			);
			path = View;
			sourceTree = "<group>";
		};
		3EDA1DE324BCDC2D00EA73A7 /* ViewModel */ = {
			isa = PBXGroup;
			children = (
				3EDA1DF724BD009900EA73A7 /* AuthViewModel.swift */,
			);
			path = ViewModel;
			sourceTree = "<group>";
		};
		3EDA1DE424BCDC3000EA73A7 /* Controller */ = {
			isa = PBXGroup;
			children = (
				3EDA1DF624BD008D00EA73A7 /* Auth */,
				3EDA1DE824BCDD2E00EA73A7 /* ConversationsController.swift */,
				3EDA1DFF24BE27BE00EA73A7 /* NewChatController.swift */,
			);
			path = Controller;
			sourceTree = "<group>";
		};
		3EDA1DE524BCDC3600EA73A7 /* API */ = {
			isa = PBXGroup;
			children = (
				3EDA1DFD24BD967400EA73A7 /* Service.swift */,
			);
			path = API;
			sourceTree = "<group>";
		};
		3EDA1DE624BCDC3A00EA73A7 /* Extensions */ = {
			isa = PBXGroup;
			children = (
				3EDA1DDF24BCDC2100EA73A7 /* Extensions.swift */,
				3EDA1DEE24BCEFE900EA73A7 /* CredentialsTextFieldView.swift */,
				3EDA1DF024BCF1C500EA73A7 /* CustomTextField.swift */,
				3EDA1DF224BCFD3200EA73A7 /* CustomAuthButton.swift */,
			);
			path = Extensions;
			sourceTree = "<group>";
		};
		3EDA1DE724BCDC4400EA73A7 /* Delegate */ = {
			isa = PBXGroup;
			children = (
				3EDA1DCB24BCDBB800EA73A7 /* AppDelegate.swift */,
				3EDA1DCD24BCDBB800EA73A7 /* SceneDelegate.swift */,
			);
			path = Delegate;
			sourceTree = "<group>";
		};
		3EDA1DF624BD008D00EA73A7 /* Auth */ = {
			isa = PBXGroup;
			children = (
				3EDA1DEA24BCE5EC00EA73A7 /* LoginController.swift */,
				3EDA1DEC24BCE5F500EA73A7 /* RegistrationController.swift */,
			);
			path = Auth;
			sourceTree = "<group>";
		};
		656DDBE7373EC29B15D323E4 /* Frameworks */ = {
			isa = PBXGroup;
			children = (
				868357618BB4FEEA28CD0ABC /* Pods_FirebaseChat.framework */,
			);
			name = Frameworks;
			sourceTree = "<group>";
		};
		6BF457CE38AC3DA7EABA4882 /* Pods */ = {
			isa = PBXGroup;
			children = (
				E1C23D66E39C83F944647B77 /* Pods-FirebaseChat.debug.xcconfig */,
				4D864E93F7ABD543928C5DED /* Pods-FirebaseChat.release.xcconfig */,
			);
			path = Pods;
			sourceTree = "<group>";
		};
/* End PBXGroup section */

/* Begin PBXNativeTarget section */
		3EDA1DC724BCDBB800EA73A7 /* FirebaseChat */ = {
			isa = PBXNativeTarget;
			buildConfigurationList = 3EDA1DDC24BCDBBA00EA73A7 /* Build configuration list for PBXNativeTarget "FirebaseChat" */;
			buildPhases = (
				409CA4F2B491029B409C33E8 /* [CP] Check Pods Manifest.lock */,
				3EDA1DC424BCDBB800EA73A7 /* Sources */,
				3EDA1DC524BCDBB800EA73A7 /* Frameworks */,
				3EDA1DC624BCDBB800EA73A7 /* Resources */,
				180F552B1CB16273152F134D /* [CP] Embed Pods Frameworks */,
			);
			buildRules = (
			);
			dependencies = (
			);
			name = FirebaseChat;
			productName = FirebaseChat;
			productReference = 3EDA1DC824BCDBB800EA73A7 /* FirebaseChat.app */;
			productType = "com.apple.product-type.application";
		};
/* End PBXNativeTarget section */

/* Begin PBXProject section */
		3EDA1DC024BCDBB800EA73A7 /* Project object */ = {
			isa = PBXProject;
			attributes = {
				LastSwiftUpdateCheck = 1150;
				LastUpgradeCheck = 1150;
				ORGANIZATIONNAME = "Michał Szpyruk";
				TargetAttributes = {
					3EDA1DC724BCDBB800EA73A7 = {
						CreatedOnToolsVersion = 11.5;
					};
				};
			};
			buildConfigurationList = 3EDA1DC324BCDBB800EA73A7 /* Build configuration list for PBXProject "FirebaseChat" */;
			compatibilityVersion = "Xcode 9.3";
			developmentRegion = en;
			hasScannedForEncodings = 0;
			knownRegions = (
				en,
				Base,
			);
			mainGroup = 3EDA1DBF24BCDBB800EA73A7;
			productRefGroup = 3EDA1DC924BCDBB800EA73A7 /* Products */;
			projectDirPath = "";
			projectRoot = "";
			targets = (
				3EDA1DC724BCDBB800EA73A7 /* FirebaseChat */,
			);
		};
/* End PBXProject section */

/* Begin PBXResourcesBuildPhase section */
		3EDA1DC624BCDBB800EA73A7 /* Resources */ = {
			isa = PBXResourcesBuildPhase;
			buildActionMask = 2147483647;
			files = (
				3EDA1DD824BCDBBA00EA73A7 /* LaunchScreen.storyboard in Resources */,
				3EDA1DFA24BD0C2900EA73A7 /* GoogleService-Info.plist in Resources */,
				3EDA1DD524BCDBBA00EA73A7 /* Assets.xcassets in Resources */,
				3EDA1DD324BCDBB800EA73A7 /* Main.storyboard in Resources */,
			);
			runOnlyForDeploymentPostprocessing = 0;
		};
/* End PBXResourcesBuildPhase section */

/* Begin PBXShellScriptBuildPhase section */
		180F552B1CB16273152F134D /* [CP] Embed Pods Frameworks */ = {
			isa = PBXShellScriptBuildPhase;
			buildActionMask = 2147483647;
			files = (
			);
			inputFileListPaths = (
				"${PODS_ROOT}/Target Support Files/Pods-FirebaseChat/Pods-FirebaseChat-frameworks-${CONFIGURATION}-input-files.xcfilelist",
			);
			name = "[CP] Embed Pods Frameworks";
			outputFileListPaths = (
				"${PODS_ROOT}/Target Support Files/Pods-FirebaseChat/Pods-FirebaseChat-frameworks-${CONFIGURATION}-output-files.xcfilelist",
			);
			runOnlyForDeploymentPostprocessing = 0;
			shellPath = /bin/sh;
			shellScript = "\"${PODS_ROOT}/Target Support Files/Pods-FirebaseChat/Pods-FirebaseChat-frameworks.sh\"\n";
			showEnvVarsInLog = 0;
		};
		409CA4F2B491029B409C33E8 /* [CP] Check Pods Manifest.lock */ = {
			isa = PBXShellScriptBuildPhase;
			buildActionMask = 2147483647;
			files = (
			);
			inputFileListPaths = (
			);
			inputPaths = (
				"${PODS_PODFILE_DIR_PATH}/Podfile.lock",
				"${PODS_ROOT}/Manifest.lock",
			);
			name = "[CP] Check Pods Manifest.lock";
			outputFileListPaths = (
			);
			outputPaths = (
				"$(DERIVED_FILE_DIR)/Pods-FirebaseChat-checkManifestLockResult.txt",
			);
			runOnlyForDeploymentPostprocessing = 0;
			shellPath = /bin/sh;
			shellScript = "diff \"${PODS_PODFILE_DIR_PATH}/Podfile.lock\" \"${PODS_ROOT}/Manifest.lock\" > /dev/null\nif [ $? != 0 ] ; then\n    # print error to STDERR\n    echo \"error: The sandbox is not in sync with the Podfile.lock. Run 'pod install' or update your CocoaPods installation.\" >&2\n    exit 1\nfi\n# This output is used by Xcode 'outputs' to avoid re-running this script phase.\necho \"SUCCESS\" > \"${SCRIPT_OUTPUT_FILE_0}\"\n";
			showEnvVarsInLog = 0;
		};
/* End PBXShellScriptBuildPhase section */

/* Begin PBXSourcesBuildPhase section */
		3EDA1DC424BCDBB800EA73A7 /* Sources */ = {
			isa = PBXSourcesBuildPhase;
			buildActionMask = 2147483647;
			files = (
				3EDA1DED24BCE5F500EA73A7 /* RegistrationController.swift in Sources */,
				3EDA1E0024BE27BE00EA73A7 /* NewChatController.swift in Sources */,
				3EDA1DFE24BD967400EA73A7 /* Service.swift in Sources */,
				3EDA1DD024BCDBB800EA73A7 /* ViewController.swift in Sources */,
				3EDA1DEB24BCE5EC00EA73A7 /* LoginController.swift in Sources */,
				3EDA1DEF24BCEFE900EA73A7 /* CredentialsTextFieldView.swift in Sources */,
				3EDA1E0224BE314100EA73A7 /* UserCell.swift in Sources */,
				3EDA1DCC24BCDBB800EA73A7 /* AppDelegate.swift in Sources */,
				3EDA1DE924BCDD2E00EA73A7 /* ConversationsController.swift in Sources */,
				3EDA1DF324BCFD3200EA73A7 /* CustomAuthButton.swift in Sources */,
				3EDA1DF824BD009900EA73A7 /* AuthViewModel.swift in Sources */,
				3EDA1DCE24BCDBB800EA73A7 /* SceneDelegate.swift in Sources */,
				3EDA1DE024BCDC2100EA73A7 /* Extensions.swift in Sources */,
				3EDA1DF124BCF1C500EA73A7 /* CustomTextField.swift in Sources */,
			);
			runOnlyForDeploymentPostprocessing = 0;
		};
/* End PBXSourcesBuildPhase section */

/* Begin PBXVariantGroup section */
		3EDA1DD124BCDBB800EA73A7 /* Main.storyboard */ = {
			isa = PBXVariantGroup;
			children = (
				3EDA1DD224BCDBB800EA73A7 /* Base */,
			);
			name = Main.storyboard;
			sourceTree = "<group>";
		};
		3EDA1DD624BCDBBA00EA73A7 /* LaunchScreen.storyboard */ = {
			isa = PBXVariantGroup;
			children = (
				3EDA1DD724BCDBBA00EA73A7 /* Base */,
			);
			name = LaunchScreen.storyboard;
			sourceTree = "<group>";
		};
/* End PBXVariantGroup section */

/* Begin XCBuildConfiguration section */
		3EDA1DDA24BCDBBA00EA73A7 /* Debug */ = {
			isa = XCBuildConfiguration;
			buildSettings = {
				ALWAYS_SEARCH_USER_PATHS = NO;
				CLANG_ANALYZER_NONNULL = YES;
				CLANG_ANALYZER_NUMBER_OBJECT_CONVERSION = YES_AGGRESSIVE;
				CLANG_CXX_LANGUAGE_STANDARD = "gnu++14";
				CLANG_CXX_LIBRARY = "libc++";
				CLANG_ENABLE_MODULES = YES;
				CLANG_ENABLE_OBJC_ARC = YES;
				CLANG_ENABLE_OBJC_WEAK = YES;
				CLANG_WARN_BLOCK_CAPTURE_AUTORELEASING = YES;
				CLANG_WARN_BOOL_CONVERSION = YES;
				CLANG_WARN_COMMA = YES;
				CLANG_WARN_CONSTANT_CONVERSION = YES;
				CLANG_WARN_DEPRECATED_OBJC_IMPLEMENTATIONS = YES;
				CLANG_WARN_DIRECT_OBJC_ISA_USAGE = YES_ERROR;
				CLANG_WARN_DOCUMENTATION_COMMENTS = YES;
				CLANG_WARN_EMPTY_BODY = YES;
				CLANG_WARN_ENUM_CONVERSION = YES;
				CLANG_WARN_INFINITE_RECURSION = YES;
				CLANG_WARN_INT_CONVERSION = YES;
				CLANG_WARN_NON_LITERAL_NULL_CONVERSION = YES;
				CLANG_WARN_OBJC_IMPLICIT_RETAIN_SELF = YES;
				CLANG_WARN_OBJC_LITERAL_CONVERSION = YES;
				CLANG_WARN_OBJC_ROOT_CLASS = YES_ERROR;
				CLANG_WARN_RANGE_LOOP_ANALYSIS = YES;
				CLANG_WARN_STRICT_PROTOTYPES = YES;
				CLANG_WARN_SUSPICIOUS_MOVE = YES;
				CLANG_WARN_UNGUARDED_AVAILABILITY = YES_AGGRESSIVE;
				CLANG_WARN_UNREACHABLE_CODE = YES;
				CLANG_WARN__DUPLICATE_METHOD_MATCH = YES;
				COPY_PHASE_STRIP = NO;
				DEBUG_INFORMATION_FORMAT = dwarf;
				ENABLE_STRICT_OBJC_MSGSEND = YES;
				ENABLE_TESTABILITY = YES;
				GCC_C_LANGUAGE_STANDARD = gnu11;
				GCC_DYNAMIC_NO_PIC = NO;
				GCC_NO_COMMON_BLOCKS = YES;
				GCC_OPTIMIZATION_LEVEL = 0;
				GCC_PREPROCESSOR_DEFINITIONS = (
					"DEBUG=1",
					"$(inherited)",
				);
				GCC_WARN_64_TO_32_BIT_CONVERSION = YES;
				GCC_WARN_ABOUT_RETURN_TYPE = YES_ERROR;
				GCC_WARN_UNDECLARED_SELECTOR = YES;
				GCC_WARN_UNINITIALIZED_AUTOS = YES_AGGRESSIVE;
				GCC_WARN_UNUSED_FUNCTION = YES;
				GCC_WARN_UNUSED_VARIABLE = YES;
				IPHONEOS_DEPLOYMENT_TARGET = 13.5;
				MTL_ENABLE_DEBUG_INFO = INCLUDE_SOURCE;
				MTL_FAST_MATH = YES;
				ONLY_ACTIVE_ARCH = YES;
				SDKROOT = iphoneos;
				SWIFT_ACTIVE_COMPILATION_CONDITIONS = DEBUG;
				SWIFT_OPTIMIZATION_LEVEL = "-Onone";
			};
			name = Debug;
		};
		3EDA1DDB24BCDBBA00EA73A7 /* Release */ = {
			isa = XCBuildConfiguration;
			buildSettings = {
				ALWAYS_SEARCH_USER_PATHS = NO;
				CLANG_ANALYZER_NONNULL = YES;
				CLANG_ANALYZER_NUMBER_OBJECT_CONVERSION = YES_AGGRESSIVE;
				CLANG_CXX_LANGUAGE_STANDARD = "gnu++14";
				CLANG_CXX_LIBRARY = "libc++";
				CLANG_ENABLE_MODULES = YES;
				CLANG_ENABLE_OBJC_ARC = YES;
				CLANG_ENABLE_OBJC_WEAK = YES;
				CLANG_WARN_BLOCK_CAPTURE_AUTORELEASING = YES;
				CLANG_WARN_BOOL_CONVERSION = YES;
				CLANG_WARN_COMMA = YES;
				CLANG_WARN_CONSTANT_CONVERSION = YES;
				CLANG_WARN_DEPRECATED_OBJC_IMPLEMENTATIONS = YES;
				CLANG_WARN_DIRECT_OBJC_ISA_USAGE = YES_ERROR;
				CLANG_WARN_DOCUMENTATION_COMMENTS = YES;
				CLANG_WARN_EMPTY_BODY = YES;
				CLANG_WARN_ENUM_CONVERSION = YES;
				CLANG_WARN_INFINITE_RECURSION = YES;
				CLANG_WARN_INT_CONVERSION = YES;
				CLANG_WARN_NON_LITERAL_NULL_CONVERSION = YES;
				CLANG_WARN_OBJC_IMPLICIT_RETAIN_SELF = YES;
				CLANG_WARN_OBJC_LITERAL_CONVERSION = YES;
				CLANG_WARN_OBJC_ROOT_CLASS = YES_ERROR;
				CLANG_WARN_RANGE_LOOP_ANALYSIS = YES;
				CLANG_WARN_STRICT_PROTOTYPES = YES;
				CLANG_WARN_SUSPICIOUS_MOVE = YES;
				CLANG_WARN_UNGUARDED_AVAILABILITY = YES_AGGRESSIVE;
				CLANG_WARN_UNREACHABLE_CODE = YES;
				CLANG_WARN__DUPLICATE_METHOD_MATCH = YES;
				COPY_PHASE_STRIP = NO;
				DEBUG_INFORMATION_FORMAT = "dwarf-with-dsym";
				ENABLE_NS_ASSERTIONS = NO;
				ENABLE_STRICT_OBJC_MSGSEND = YES;
				GCC_C_LANGUAGE_STANDARD = gnu11;
				GCC_NO_COMMON_BLOCKS = YES;
				GCC_WARN_64_TO_32_BIT_CONVERSION = YES;
				GCC_WARN_ABOUT_RETURN_TYPE = YES_ERROR;
				GCC_WARN_UNDECLARED_SELECTOR = YES;
				GCC_WARN_UNINITIALIZED_AUTOS = YES_AGGRESSIVE;
				GCC_WARN_UNUSED_FUNCTION = YES;
				GCC_WARN_UNUSED_VARIABLE = YES;
				IPHONEOS_DEPLOYMENT_TARGET = 13.5;
				MTL_ENABLE_DEBUG_INFO = NO;
				MTL_FAST_MATH = YES;
				SDKROOT = iphoneos;
				SWIFT_COMPILATION_MODE = wholemodule;
				SWIFT_OPTIMIZATION_LEVEL = "-O";
				VALIDATE_PRODUCT = YES;
			};
			name = Release;
		};
		3EDA1DDD24BCDBBA00EA73A7 /* Debug */ = {
			isa = XCBuildConfiguration;
			baseConfigurationReference = E1C23D66E39C83F944647B77 /* Pods-FirebaseChat.debug.xcconfig */;
			buildSettings = {
				ASSETCATALOG_COMPILER_APPICON_NAME = AppIcon;
				CODE_SIGN_STYLE = Automatic;
				DEVELOPMENT_TEAM = H947PK7U8J;
				INFOPLIST_FILE = FirebaseChat/Info.plist;
				LD_RUNPATH_SEARCH_PATHS = (
					"$(inherited)",
					"@executable_path/Frameworks",
				);
				PRODUCT_BUNDLE_IDENTIFIER = com.michalszpyruk.FirebaseChat;
				PRODUCT_NAME = "$(TARGET_NAME)";
				SWIFT_VERSION = 5.0;
				TARGETED_DEVICE_FAMILY = "1,2";
			};
			name = Debug;
		};
		3EDA1DDE24BCDBBA00EA73A7 /* Release */ = {
			isa = XCBuildConfiguration;
			baseConfigurationReference = 4D864E93F7ABD543928C5DED /* Pods-FirebaseChat.release.xcconfig */;
			buildSettings = {
				ASSETCATALOG_COMPILER_APPICON_NAME = AppIcon;
				CODE_SIGN_STYLE = Automatic;
				DEVELOPMENT_TEAM = H947PK7U8J;
				INFOPLIST_FILE = FirebaseChat/Info.plist;
				LD_RUNPATH_SEARCH_PATHS = (
					"$(inherited)",
					"@executable_path/Frameworks",
				);
				PRODUCT_BUNDLE_IDENTIFIER = com.michalszpyruk.FirebaseChat;
				PRODUCT_NAME = "$(TARGET_NAME)";
				SWIFT_VERSION = 5.0;
				TARGETED_DEVICE_FAMILY = "1,2";
			};
			name = Release;
		};
/* End XCBuildConfiguration section */

/* Begin XCConfigurationList section */
		3EDA1DC324BCDBB800EA73A7 /* Build configuration list for PBXProject "FirebaseChat" */ = {
			isa = XCConfigurationList;
			buildConfigurations = (
				3EDA1DDA24BCDBBA00EA73A7 /* Debug */,
				3EDA1DDB24BCDBBA00EA73A7 /* Release */,
			);
			defaultConfigurationIsVisible = 0;
			defaultConfigurationName = Release;
		};
		3EDA1DDC24BCDBBA00EA73A7 /* Build configuration list for PBXNativeTarget "FirebaseChat" */ = {
			isa = XCConfigurationList;
			buildConfigurations = (
				3EDA1DDD24BCDBBA00EA73A7 /* Debug */,
				3EDA1DDE24BCDBBA00EA73A7 /* Release */,
			);
			defaultConfigurationIsVisible = 0;
			defaultConfigurationName = Release;
		};
/* End XCConfigurationList section */
	};
	rootObject = 3EDA1DC024BCDBB800EA73A7 /* Project object */;
}
